// !$*UTF8*$!
{
	archiveVersion = 1;
	classes = {
	};
	objectVersion = 46;
	objects = {

/* Begin PBXBuildFile section */
		1F26A7BE1D3B52A200F095B3 /* InitialViewController.swift in Sources */ = {isa = PBXBuildFile; fileRef = 1F26A7BD1D3B52A200F095B3 /* InitialViewController.swift */; };
		1F4EEB501D3A1A0E004B1745 /* BagViewController.swift in Sources */ = {isa = PBXBuildFile; fileRef = 1F4EEB4F1D3A1A0E004B1745 /* BagViewController.swift */; };
		1F552B5C1D6E47A3008E3341 /* InfoViewController.swift in Sources */ = {isa = PBXBuildFile; fileRef = 1F552B5B1D6E47A3008E3341 /* InfoViewController.swift */; };
		1F552B641D702DCD008E3341 /* PopUpViewController.swift in Sources */ = {isa = PBXBuildFile; fileRef = 1F552B631D702DCD008E3341 /* PopUpViewController.swift */; };
		1F552B661D71114B008E3341 /* BioViewController.swift in Sources */ = {isa = PBXBuildFile; fileRef = 1F552B651D71114B008E3341 /* BioViewController.swift */; };
		1F552B681D72AD85008E3341 /* CreditsViewController.swift in Sources */ = {isa = PBXBuildFile; fileRef = 1F552B671D72AD85008E3341 /* CreditsViewController.swift */; };
		1F5775851D5D07D9007106B1 /* MazeViewController.swift in Sources */ = {isa = PBXBuildFile; fileRef = 1F5775841D5D07D9007106B1 /* MazeViewController.swift */; };
		1FA234511D22274400183A73 /* AppDelegate.swift in Sources */ = {isa = PBXBuildFile; fileRef = 1FA234501D22274400183A73 /* AppDelegate.swift */; };
		1FA234531D22274400183A73 /* ViewController.swift in Sources */ = {isa = PBXBuildFile; fileRef = 1FA234521D22274400183A73 /* ViewController.swift */; };
		1FA234561D22274400183A73 /* Main.storyboard in Resources */ = {isa = PBXBuildFile; fileRef = 1FA234541D22274400183A73 /* Main.storyboard */; };
		1FA234591D22274400183A73 /* game.xcdatamodeld in Sources */ = {isa = PBXBuildFile; fileRef = 1FA234571D22274400183A73 /* game.xcdatamodeld */; };
		1FA2345B1D22274400183A73 /* Assets.xcassets in Resources */ = {isa = PBXBuildFile; fileRef = 1FA2345A1D22274400183A73 /* Assets.xcassets */; };
		1FA2345E1D22274400183A73 /* LaunchScreen.storyboard in Resources */ = {isa = PBXBuildFile; fileRef = 1FA2345C1D22274400183A73 /* LaunchScreen.storyboard */; };
		1FA234691D22274400183A73 /* gameTests.swift in Sources */ = {isa = PBXBuildFile; fileRef = 1FA234681D22274400183A73 /* gameTests.swift */; };
		1FA234741D22274400183A73 /* gameUITests.swift in Sources */ = {isa = PBXBuildFile; fileRef = 1FA234731D22274400183A73 /* gameUITests.swift */; };
		1FFC14011D28AA28007539A4 /* SecondViewController.swift in Sources */ = {isa = PBXBuildFile; fileRef = 1FFC14001D28AA28007539A4 /* SecondViewController.swift */; };
		AFCF32181D76263200FBA491 /* LaunchScreen.storyboard in Resources */ = {isa = PBXBuildFile; fileRef = AFCF32171D76263200FBA491 /* LaunchScreen.storyboard */; };
		AFCF321A1D76582700FBA491 /* finalViewController.swift in Sources */ = {isa = PBXBuildFile; fileRef = AFCF32191D76582700FBA491 /* finalViewController.swift */; };
		AFD9EC591D74FBC5007B51F6 /* HiddenAgenda.mp3 in Resources */ = {isa = PBXBuildFile; fileRef = AFD9EC581D74FBC5007B51F6 /* HiddenAgenda.mp3 */; };
		AFD9EC5B1D74FBCE007B51F6 /* PhantomfromSpace.mp3 in Resources */ = {isa = PBXBuildFile; fileRef = AFD9EC5A1D74FBCE007B51F6 /* PhantomfromSpace.mp3 */; };
		AFD9EC5D1D74FBD3007B51F6 /* TheBuilder.mp3 in Resources */ = {isa = PBXBuildFile; fileRef = AFD9EC5C1D74FBD3007B51F6 /* TheBuilder.mp3 */; };
		AFD9EC621D7519EB007B51F6 /* digital2.ttf in Resources */ = {isa = PBXBuildFile; fileRef = AFD9EC611D7519EB007B51F6 /* digital2.ttf */; };
		AFD9EC641D7519F7007B51F6 /* spy1.ttf in Resources */ = {isa = PBXBuildFile; fileRef = AFD9EC631D7519F7007B51F6 /* spy1.ttf */; };
/* End PBXBuildFile section */

/* Begin PBXContainerItemProxy section */
		1FA234651D22274400183A73 /* PBXContainerItemProxy */ = {
			isa = PBXContainerItemProxy;
			containerPortal = 1FA234451D22274400183A73 /* Project object */;
			proxyType = 1;
			remoteGlobalIDString = 1FA2344C1D22274400183A73;
			remoteInfo = game;
		};
		1FA234701D22274400183A73 /* PBXContainerItemProxy */ = {
			isa = PBXContainerItemProxy;
			containerPortal = 1FA234451D22274400183A73 /* Project object */;
			proxyType = 1;
			remoteGlobalIDString = 1FA2344C1D22274400183A73;
			remoteInfo = game;
		};
/* End PBXContainerItemProxy section */

/* Begin PBXFileReference section */
		1F26A7BD1D3B52A200F095B3 /* InitialViewController.swift */ = {isa = PBXFileReference; fileEncoding = 4; lastKnownFileType = sourcecode.swift; path = InitialViewController.swift; sourceTree = "<group>"; };
		1F4EEB4F1D3A1A0E004B1745 /* BagViewController.swift */ = {isa = PBXFileReference; fileEncoding = 4; lastKnownFileType = sourcecode.swift; path = BagViewController.swift; sourceTree = "<group>"; };
		1F552B5B1D6E47A3008E3341 /* InfoViewController.swift */ = {isa = PBXFileReference; fileEncoding = 4; lastKnownFileType = sourcecode.swift; path = InfoViewController.swift; sourceTree = "<group>"; };
		1F552B631D702DCD008E3341 /* PopUpViewController.swift */ = {isa = PBXFileReference; fileEncoding = 4; lastKnownFileType = sourcecode.swift; path = PopUpViewController.swift; sourceTree = "<group>"; };
		1F552B651D71114B008E3341 /* BioViewController.swift */ = {isa = PBXFileReference; fileEncoding = 4; lastKnownFileType = sourcecode.swift; path = BioViewController.swift; sourceTree = "<group>"; };
		1F552B671D72AD85008E3341 /* CreditsViewController.swift */ = {isa = PBXFileReference; fileEncoding = 4; lastKnownFileType = sourcecode.swift; path = CreditsViewController.swift; sourceTree = "<group>"; };
		1F5775841D5D07D9007106B1 /* MazeViewController.swift */ = {isa = PBXFileReference; fileEncoding = 4; lastKnownFileType = sourcecode.swift; path = MazeViewController.swift; sourceTree = "<group>"; };
		1FA2344D1D22274400183A73 /* AgentXX.app */ = {isa = PBXFileReference; explicitFileType = wrapper.application; includeInIndex = 0; path = AgentXX.app; sourceTree = BUILT_PRODUCTS_DIR; };
		1FA234501D22274400183A73 /* AppDelegate.swift */ = {isa = PBXFileReference; lastKnownFileType = sourcecode.swift; path = AppDelegate.swift; sourceTree = "<group>"; };
		1FA234521D22274400183A73 /* ViewController.swift */ = {isa = PBXFileReference; lastKnownFileType = sourcecode.swift; path = ViewController.swift; sourceTree = "<group>"; };
		1FA234551D22274400183A73 /* Base */ = {isa = PBXFileReference; lastKnownFileType = file.storyboard; name = Base; path = Base.lproj/Main.storyboard; sourceTree = "<group>"; };
		1FA234581D22274400183A73 /* game.xcdatamodel */ = {isa = PBXFileReference; lastKnownFileType = wrapper.xcdatamodel; path = game.xcdatamodel; sourceTree = "<group>"; };
		1FA2345A1D22274400183A73 /* Assets.xcassets */ = {isa = PBXFileReference; lastKnownFileType = folder.assetcatalog; path = Assets.xcassets; sourceTree = "<group>"; };
		1FA2345D1D22274400183A73 /* Base */ = {isa = PBXFileReference; lastKnownFileType = file.storyboard; name = Base; path = Base.lproj/LaunchScreen.storyboard; sourceTree = "<group>"; };
		1FA2345F1D22274400183A73 /* Info.plist */ = {isa = PBXFileReference; lastKnownFileType = text.plist.xml; path = Info.plist; sourceTree = "<group>"; };
		1FA234641D22274400183A73 /* AgentXX.xctest */ = {isa = PBXFileReference; explicitFileType = wrapper.cfbundle; includeInIndex = 0; path = AgentXX.xctest; sourceTree = BUILT_PRODUCTS_DIR; };
		1FA234681D22274400183A73 /* gameTests.swift */ = {isa = PBXFileReference; lastKnownFileType = sourcecode.swift; path = gameTests.swift; sourceTree = "<group>"; };
		1FA2346A1D22274400183A73 /* Info.plist */ = {isa = PBXFileReference; lastKnownFileType = text.plist.xml; path = Info.plist; sourceTree = "<group>"; };
		1FA2346F1D22274400183A73 /* AgentXX.xctest */ = {isa = PBXFileReference; explicitFileType = wrapper.cfbundle; includeInIndex = 0; path = AgentXX.xctest; sourceTree = BUILT_PRODUCTS_DIR; };
		1FA234731D22274400183A73 /* gameUITests.swift */ = {isa = PBXFileReference; lastKnownFileType = sourcecode.swift; path = gameUITests.swift; sourceTree = "<group>"; };
		1FA234751D22274400183A73 /* Info.plist */ = {isa = PBXFileReference; lastKnownFileType = text.plist.xml; path = Info.plist; sourceTree = "<group>"; };
		1FFC14001D28AA28007539A4 /* SecondViewController.swift */ = {isa = PBXFileReference; fileEncoding = 4; lastKnownFileType = sourcecode.swift; path = SecondViewController.swift; sourceTree = "<group>"; };
		AFCF32171D76263200FBA491 /* LaunchScreen.storyboard */ = {isa = PBXFileReference; fileEncoding = 4; lastKnownFileType = file.storyboard; path = LaunchScreen.storyboard; sourceTree = "<group>"; };
		AFCF32191D76582700FBA491 /* finalViewController.swift */ = {isa = PBXFileReference; fileEncoding = 4; lastKnownFileType = sourcecode.swift; path = finalViewController.swift; sourceTree = "<group>"; };
		AFD9EC581D74FBC5007B51F6 /* HiddenAgenda.mp3 */ = {isa = PBXFileReference; lastKnownFileType = audio.mp3; path = HiddenAgenda.mp3; sourceTree = "<group>"; };
		AFD9EC5A1D74FBCE007B51F6 /* PhantomfromSpace.mp3 */ = {isa = PBXFileReference; lastKnownFileType = audio.mp3; path = PhantomfromSpace.mp3; sourceTree = "<group>"; };
		AFD9EC5C1D74FBD3007B51F6 /* TheBuilder.mp3 */ = {isa = PBXFileReference; lastKnownFileType = audio.mp3; path = TheBuilder.mp3; sourceTree = "<group>"; };
		AFD9EC611D7519EB007B51F6 /* digital2.ttf */ = {isa = PBXFileReference; lastKnownFileType = file; path = digital2.ttf; sourceTree = "<group>"; };
		AFD9EC631D7519F7007B51F6 /* spy1.ttf */ = {isa = PBXFileReference; lastKnownFileType = file; path = spy1.ttf; sourceTree = "<group>"; };
/* End PBXFileReference section */

/* Begin PBXFrameworksBuildPhase section */
		1FA2344A1D22274400183A73 /* Frameworks */ = {
			isa = PBXFrameworksBuildPhase;
			buildActionMask = 2147483647;
			files = (
			);
			runOnlyForDeploymentPostprocessing = 0;
		};
		1FA234611D22274400183A73 /* Frameworks */ = {
			isa = PBXFrameworksBuildPhase;
			buildActionMask = 2147483647;
			files = (
			);
			runOnlyForDeploymentPostprocessing = 0;
		};
		1FA2346C1D22274400183A73 /* Frameworks */ = {
			isa = PBXFrameworksBuildPhase;
			buildActionMask = 2147483647;
			files = (
			);
			runOnlyForDeploymentPostprocessing = 0;
		};
/* End PBXFrameworksBuildPhase section */

/* Begin PBXGroup section */
		1FA234441D22274400183A73 = {
			isa = PBXGroup;
			children = (
				1FA2344F1D22274400183A73 /* game */,
				1FA234671D22274400183A73 /* gameTests */,
				1FA234721D22274400183A73 /* gameUITests */,
				1FA2344E1D22274400183A73 /* Products */,
			);
			sourceTree = "<group>";
		};
		1FA2344E1D22274400183A73 /* Products */ = {
			isa = PBXGroup;
			children = (
				1FA2344D1D22274400183A73 /* AgentXX.app */,
				1FA234641D22274400183A73 /* AgentXX.xctest */,
				1FA2346F1D22274400183A73 /* AgentXX.xctest */,
			);
			name = Products;
			sourceTree = "<group>";
		};
		1FA2344F1D22274400183A73 /* game */ = {
			isa = PBXGroup;
			children = (
				1FA234501D22274400183A73 /* AppDelegate.swift */,
				1FA234521D22274400183A73 /* ViewController.swift */,
				1F5775841D5D07D9007106B1 /* MazeViewController.swift */,
				1F4EEB4F1D3A1A0E004B1745 /* BagViewController.swift */,
				1FA234541D22274400183A73 /* Main.storyboard */,
				AFCF32191D76582700FBA491 /* finalViewController.swift */,
				1F552B671D72AD85008E3341 /* CreditsViewController.swift */,
				1F552B651D71114B008E3341 /* BioViewController.swift */,
				1F552B631D702DCD008E3341 /* PopUpViewController.swift */,
				1F552B5B1D6E47A3008E3341 /* InfoViewController.swift */,
				1F26A7BD1D3B52A200F095B3 /* InitialViewController.swift */,
				1FFC14001D28AA28007539A4 /* SecondViewController.swift */,
				1FA2345A1D22274400183A73 /* Assets.xcassets */,
				AFCF32171D76263200FBA491 /* LaunchScreen.storyboard */,
				AFD9EC581D74FBC5007B51F6 /* HiddenAgenda.mp3 */,
				AFD9EC5A1D74FBCE007B51F6 /* PhantomfromSpace.mp3 */,
				AFD9EC611D7519EB007B51F6 /* digital2.ttf */,
				AFD9EC631D7519F7007B51F6 /* spy1.ttf */,
				AFD9EC5C1D74FBD3007B51F6 /* TheBuilder.mp3 */,
				1FA2345C1D22274400183A73 /* LaunchScreen.storyboard */,
				1FA2345F1D22274400183A73 /* Info.plist */,
				1FA234571D22274400183A73 /* game.xcdatamodeld */,
			);
			path = game;
			sourceTree = "<group>";
		};
		1FA234671D22274400183A73 /* gameTests */ = {
			isa = PBXGroup;
			children = (
				1FA234681D22274400183A73 /* gameTests.swift */,
				1FA2346A1D22274400183A73 /* Info.plist */,
			);
			path = gameTests;
			sourceTree = "<group>";
		};
		1FA234721D22274400183A73 /* gameUITests */ = {
			isa = PBXGroup;
			children = (
				1FA234731D22274400183A73 /* gameUITests.swift */,
				1FA234751D22274400183A73 /* Info.plist */,
			);
			path = gameUITests;
			sourceTree = "<group>";
		};
/* End PBXGroup section */

/* Begin PBXNativeTarget section */
		1FA2344C1D22274400183A73 /* AgentXX */ = {
			isa = PBXNativeTarget;
			buildConfigurationList = 1FA234781D22274400183A73 /* Build configuration list for PBXNativeTarget "AgentXX" */;
			buildPhases = (
				1FA234491D22274400183A73 /* Sources */,
				1FA2344A1D22274400183A73 /* Frameworks */,
				1FA2344B1D22274400183A73 /* Resources */,
			);
			buildRules = (
			);
			dependencies = (
			);
			name = AgentXX;
			productName = game;
			productReference = 1FA2344D1D22274400183A73 /* AgentXX.app */;
			productType = "com.apple.product-type.application";
		};
		1FA234631D22274400183A73 /* AgentXXTests */ = {
			isa = PBXNativeTarget;
			buildConfigurationList = 1FA2347B1D22274400183A73 /* Build configuration list for PBXNativeTarget "AgentXXTests" */;
			buildPhases = (
				1FA234601D22274400183A73 /* Sources */,
				1FA234611D22274400183A73 /* Frameworks */,
				1FA234621D22274400183A73 /* Resources */,
			);
			buildRules = (
			);
			dependencies = (
				1FA234661D22274400183A73 /* PBXTargetDependency */,
			);
			name = AgentXXTests;
			productName = gameTests;
			productReference = 1FA234641D22274400183A73 /* AgentXX.xctest */;
			productType = "com.apple.product-type.bundle.unit-test";
		};
		1FA2346E1D22274400183A73 /* AgentXXUITests */ = {
			isa = PBXNativeTarget;
			buildConfigurationList = 1FA2347E1D22274400183A73 /* Build configuration list for PBXNativeTarget "AgentXXUITests" */;
			buildPhases = (
				1FA2346B1D22274400183A73 /* Sources */,
				1FA2346C1D22274400183A73 /* Frameworks */,
				1FA2346D1D22274400183A73 /* Resources */,
			);
			buildRules = (
			);
			dependencies = (
				1FA234711D22274400183A73 /* PBXTargetDependency */,
			);
			name = AgentXXUITests;
			productName = gameUITests;
			productReference = 1FA2346F1D22274400183A73 /* AgentXX.xctest */;
			productType = "com.apple.product-type.bundle.ui-testing";
		};
/* End PBXNativeTarget section */

/* Begin PBXProject section */
		1FA234451D22274400183A73 /* Project object */ = {
			isa = PBXProject;
			attributes = {
				LastSwiftUpdateCheck = 0710;
				LastUpgradeCheck = 0830;
				ORGANIZATIONNAME = "Megan Williams";
				TargetAttributes = {
					1FA2344C1D22274400183A73 = {
						CreatedOnToolsVersion = 7.1;
						LastSwiftMigration = 0830;
					};
					1FA234631D22274400183A73 = {
						CreatedOnToolsVersion = 7.1;
						TestTargetID = 1FA2344C1D22274400183A73;
					};
					1FA2346E1D22274400183A73 = {
						CreatedOnToolsVersion = 7.1;
						TestTargetID = 1FA2344C1D22274400183A73;
					};
				};
			};
			buildConfigurationList = 1FA234481D22274400183A73 /* Build configuration list for PBXProject "AgentXX" */;
			compatibilityVersion = "Xcode 3.2";
			developmentRegion = English;
			hasScannedForEncodings = 0;
			knownRegions = (
				en,
				Base,
			);
			mainGroup = 1FA234441D22274400183A73;
			productRefGroup = 1FA2344E1D22274400183A73 /* Products */;
			projectDirPath = "";
			projectRoot = "";
			targets = (
				1FA2344C1D22274400183A73 /* AgentXX */,
				1FA234631D22274400183A73 /* AgentXXTests */,
				1FA2346E1D22274400183A73 /* AgentXXUITests */,
			);
		};
/* End PBXProject section */

/* Begin PBXResourcesBuildPhase section */
		1FA2344B1D22274400183A73 /* Resources */ = {
			isa = PBXResourcesBuildPhase;
			buildActionMask = 2147483647;
			files = (
				AFD9EC5D1D74FBD3007B51F6 /* TheBuilder.mp3 in Resources */,
				AFD9EC641D7519F7007B51F6 /* spy1.ttf in Resources */,
				AFD9EC5B1D74FBCE007B51F6 /* PhantomfromSpace.mp3 in Resources */,
				AFCF32181D76263200FBA491 /* LaunchScreen.storyboard in Resources */,
				1FA2345E1D22274400183A73 /* LaunchScreen.storyboard in Resources */,
				1FA2345B1D22274400183A73 /* Assets.xcassets in Resources */,
				AFD9EC621D7519EB007B51F6 /* digital2.ttf in Resources */,
				AFD9EC591D74FBC5007B51F6 /* HiddenAgenda.mp3 in Resources */,
				1FA234561D22274400183A73 /* Main.storyboard in Resources */,
			);
			runOnlyForDeploymentPostprocessing = 0;
		};
		1FA234621D22274400183A73 /* Resources */ = {
			isa = PBXResourcesBuildPhase;
			buildActionMask = 2147483647;
			files = (
			);
			runOnlyForDeploymentPostprocessing = 0;
		};
		1FA2346D1D22274400183A73 /* Resources */ = {
			isa = PBXResourcesBuildPhase;
			buildActionMask = 2147483647;
			files = (
			);
			runOnlyForDeploymentPostprocessing = 0;
		};
/* End PBXResourcesBuildPhase section */

/* Begin PBXSourcesBuildPhase section */
		1FA234491D22274400183A73 /* Sources */ = {
			isa = PBXSourcesBuildPhase;
			buildActionMask = 2147483647;
			files = (
				1FFC14011D28AA28007539A4 /* SecondViewController.swift in Sources */,
				1FA234531D22274400183A73 /* ViewController.swift in Sources */,
				1FA234511D22274400183A73 /* AppDelegate.swift in Sources */,
				1F552B681D72AD85008E3341 /* CreditsViewController.swift in Sources */,
				1F26A7BE1D3B52A200F095B3 /* InitialViewController.swift in Sources */,
				1F4EEB501D3A1A0E004B1745 /* BagViewController.swift in Sources */,
				1FA234591D22274400183A73 /* game.xcdatamodeld in Sources */,
				1F552B5C1D6E47A3008E3341 /* InfoViewController.swift in Sources */,
				1F552B641D702DCD008E3341 /* PopUpViewController.swift in Sources */,
				AFCF321A1D76582700FBA491 /* finalViewController.swift in Sources */,
				1F5775851D5D07D9007106B1 /* MazeViewController.swift in Sources */,
				1F552B661D71114B008E3341 /* BioViewController.swift in Sources */,
			);
			runOnlyForDeploymentPostprocessing = 0;
		};
		1FA234601D22274400183A73 /* Sources */ = {
			isa = PBXSourcesBuildPhase;
			buildActionMask = 2147483647;
			files = (
				1FA234691D22274400183A73 /* gameTests.swift in Sources */,
			);
			runOnlyForDeploymentPostprocessing = 0;
		};
		1FA2346B1D22274400183A73 /* Sources */ = {
			isa = PBXSourcesBuildPhase;
			buildActionMask = 2147483647;
			files = (
				1FA234741D22274400183A73 /* gameUITests.swift in Sources */,
			);
			runOnlyForDeploymentPostprocessing = 0;
		};
/* End PBXSourcesBuildPhase section */

/* Begin PBXTargetDependency section */
		1FA234661D22274400183A73 /* PBXTargetDependency */ = {
			isa = PBXTargetDependency;
			target = 1FA2344C1D22274400183A73 /* AgentXX */;
			targetProxy = 1FA234651D22274400183A73 /* PBXContainerItemProxy */;
		};
		1FA234711D22274400183A73 /* PBXTargetDependency */ = {
			isa = PBXTargetDependency;
			target = 1FA2344C1D22274400183A73 /* AgentXX */;
			targetProxy = 1FA234701D22274400183A73 /* PBXContainerItemProxy */;
		};
/* End PBXTargetDependency section */

/* Begin PBXVariantGroup section */
		1FA234541D22274400183A73 /* Main.storyboard */ = {
			isa = PBXVariantGroup;
			children = (
				1FA234551D22274400183A73 /* Base */,
			);
			name = Main.storyboard;
			sourceTree = "<group>";
		};
		1FA2345C1D22274400183A73 /* LaunchScreen.storyboard */ = {
			isa = PBXVariantGroup;
			children = (
				1FA2345D1D22274400183A73 /* Base */,
			);
			name = LaunchScreen.storyboard;
			sourceTree = "<group>";
		};
/* End PBXVariantGroup section */

/* Begin XCBuildConfiguration section */
		1FA234761D22274400183A73 /* Debug */ = {
			isa = XCBuildConfiguration;
			buildSettings = {
				ALWAYS_SEARCH_USER_PATHS = NO;
				CLANG_CXX_LANGUAGE_STANDARD = "gnu++0x";
				CLANG_CXX_LIBRARY = "libc++";
				CLANG_ENABLE_MODULES = YES;
				CLANG_ENABLE_OBJC_ARC = YES;
				CLANG_WARN_BOOL_CONVERSION = YES;
				CLANG_WARN_CONSTANT_CONVERSION = YES;
				CLANG_WARN_DIRECT_OBJC_ISA_USAGE = YES_ERROR;
				CLANG_WARN_EMPTY_BODY = YES;
				CLANG_WARN_ENUM_CONVERSION = YES;
				CLANG_WARN_INFINITE_RECURSION = YES;
				CLANG_WARN_INT_CONVERSION = YES;
				CLANG_WARN_OBJC_ROOT_CLASS = YES_ERROR;
				CLANG_WARN_SUSPICIOUS_MOVE = YES;
				CLANG_WARN_UNREACHABLE_CODE = YES;
				CLANG_WARN__DUPLICATE_METHOD_MATCH = YES;
				"CODE_SIGN_IDENTITY[sdk=iphoneos*]" = "iPhone Developer";
				COPY_PHASE_STRIP = NO;
				DEBUG_INFORMATION_FORMAT = dwarf;
				ENABLE_STRICT_OBJC_MSGSEND = YES;
				ENABLE_TESTABILITY = YES;
				GCC_C_LANGUAGE_STANDARD = gnu99;
				GCC_DYNAMIC_NO_PIC = NO;
				GCC_NO_COMMON_BLOCKS = YES;
				GCC_OPTIMIZATION_LEVEL = 0;
				GCC_PREPROCESSOR_DEFINITIONS = (
					"DEBUG=1",
					"$(inherited)",
				);
				GCC_WARN_64_TO_32_BIT_CONVERSION = YES;
				GCC_WARN_ABOUT_RETURN_TYPE = YES_ERROR;
				GCC_WARN_UNDECLARED_SELECTOR = YES;
				GCC_WARN_UNINITIALIZED_AUTOS = YES_AGGRESSIVE;
				GCC_WARN_UNUSED_FUNCTION = YES;
				GCC_WARN_UNUSED_VARIABLE = YES;
				IPHONEOS_DEPLOYMENT_TARGET = 9.1;
				MTL_ENABLE_DEBUG_INFO = YES;
				ONLY_ACTIVE_ARCH = YES;
				SDKROOT = iphoneos;
				SWIFT_OPTIMIZATION_LEVEL = "-Onone";
				TARGETED_DEVICE_FAMILY = "1,2";
			};
			name = Debug;
		};
		1FA234771D22274400183A73 /* Release */ = {
			isa = XCBuildConfiguration;
			buildSettings = {
				ALWAYS_SEARCH_USER_PATHS = NO;
				CLANG_CXX_LANGUAGE_STANDARD = "gnu++0x";
				CLANG_CXX_LIBRARY = "libc++";
				CLANG_ENABLE_MODULES = YES;
				CLANG_ENABLE_OBJC_ARC = YES;
				CLANG_WARN_BOOL_CONVERSION = YES;
				CLANG_WARN_CONSTANT_CONVERSION = YES;
				CLANG_WARN_DIRECT_OBJC_ISA_USAGE = YES_ERROR;
				CLANG_WARN_EMPTY_BODY = YES;
				CLANG_WARN_ENUM_CONVERSION = YES;
				CLANG_WARN_INFINITE_RECURSION = YES;
				CLANG_WARN_INT_CONVERSION = YES;
				CLANG_WARN_OBJC_ROOT_CLASS = YES_ERROR;
				CLANG_WARN_SUSPICIOUS_MOVE = YES;
				CLANG_WARN_UNREACHABLE_CODE = YES;
				CLANG_WARN__DUPLICATE_METHOD_MATCH = YES;
				"CODE_SIGN_IDENTITY[sdk=iphoneos*]" = "iPhone Developer";
				COPY_PHASE_STRIP = NO;
				DEBUG_INFORMATION_FORMAT = "dwarf-with-dsym";
				ENABLE_NS_ASSERTIONS = NO;
				ENABLE_STRICT_OBJC_MSGSEND = YES;
				GCC_C_LANGUAGE_STANDARD = gnu99;
				GCC_NO_COMMON_BLOCKS = YES;
				GCC_WARN_64_TO_32_BIT_CONVERSION = YES;
				GCC_WARN_ABOUT_RETURN_TYPE = YES_ERROR;
				GCC_WARN_UNDECLARED_SELECTOR = YES;
				GCC_WARN_UNINITIALIZED_AUTOS = YES_AGGRESSIVE;
				GCC_WARN_UNUSED_FUNCTION = YES;
				GCC_WARN_UNUSED_VARIABLE = YES;
				IPHONEOS_DEPLOYMENT_TARGET = 9.1;
				MTL_ENABLE_DEBUG_INFO = NO;
				SDKROOT = iphoneos;
				SWIFT_OPTIMIZATION_LEVEL = "-Owholemodule";
				TARGETED_DEVICE_FAMILY = "1,2";
				VALIDATE_PRODUCT = YES;
			};
			name = Release;
		};
		1FA234791D22274400183A73 /* Debug */ = {
			isa = XCBuildConfiguration;
			buildSettings = {
				ASSETCATALOG_COMPILER_APPICON_NAME = AppIcon;
				INFOPLIST_FILE = game/Info.plist;
				LD_RUNPATH_SEARCH_PATHS = "$(inherited) @executable_path/Frameworks";
				PRODUCT_BUNDLE_IDENTIFIER = mwilliams.game;
				PRODUCT_NAME = AgentXX;
				SWIFT_VERSION = 3.0;
			};
			name = Debug;
		};
		1FA2347A1D22274400183A73 /* Release */ = {
			isa = XCBuildConfiguration;
			buildSettings = {
				ASSETCATALOG_COMPILER_APPICON_NAME = AppIcon;
				INFOPLIST_FILE = game/Info.plist;
				LD_RUNPATH_SEARCH_PATHS = "$(inherited) @executable_path/Frameworks";
				PRODUCT_BUNDLE_IDENTIFIER = mwilliams.game;
				PRODUCT_NAME = AgentXX;
				SWIFT_VERSION = 3.0;
			};
			name = Release;
		};
		1FA2347C1D22274400183A73 /* Debug */ = {
			isa = XCBuildConfiguration;
			buildSettings = {
				BUNDLE_LOADER = "$(TEST_HOST)";
				INFOPLIST_FILE = gameTests/Info.plist;
				LD_RUNPATH_SEARCH_PATHS = "$(inherited) @executable_path/Frameworks @loader_path/Frameworks";
				PRODUCT_BUNDLE_IDENTIFIER = mwilliams.gameTests;
				PRODUCT_NAME = AgentXX;
				TEST_HOST = "$(BUILT_PRODUCTS_DIR)/AgentXX.app/AgentXX";
			};
			name = Debug;
		};
		1FA2347D1D22274400183A73 /* Release */ = {
			isa = XCBuildConfiguration;
			buildSettings = {
				BUNDLE_LOADER = "$(TEST_HOST)";
				INFOPLIST_FILE = gameTests/Info.plist;
				LD_RUNPATH_SEARCH_PATHS = "$(inherited) @executable_path/Frameworks @loader_path/Frameworks";
				PRODUCT_BUNDLE_IDENTIFIER = mwilliams.gameTests;
				PRODUCT_NAME = AgentXX;
				TEST_HOST = "$(BUILT_PRODUCTS_DIR)/AgentXX.app/AgentXX";
			};
			name = Release;
		};
		1FA2347F1D22274400183A73 /* Debug */ = {
			isa = XCBuildConfiguration;
			buildSettings = {
				INFOPLIST_FILE = gameUITests/Info.plist;
				LD_RUNPATH_SEARCH_PATHS = "$(inherited) @executable_path/Frameworks @loader_path/Frameworks";
				PRODUCT_BUNDLE_IDENTIFIER = mwilliams.gameUITests;
				PRODUCT_NAME = AgentXX;
				TEST_TARGET_NAME = game;
				USES_XCTRUNNER = YES;
			};
			name = Debug;
		};
		1FA234801D22274400183A73 /* Release */ = {
			isa = XCBuildConfiguration;
			buildSettings = {
				INFOPLIST_FILE = gameUITests/Info.plist;
				LD_RUNPATH_SEARCH_PATHS = "$(inherited) @executable_path/Frameworks @loader_path/Frameworks";
				PRODUCT_BUNDLE_IDENTIFIER = mwilliams.gameUITests;
				PRODUCT_NAME = AgentXX;
				TEST_TARGET_NAME = game;
				USES_XCTRUNNER = YES;
			};
			name = Release;
		};
/* End XCBuildConfiguration section */

/* Begin XCConfigurationList section */
		1FA234481D22274400183A73 /* Build configuration list for PBXProject "AgentXX" */ = {
			isa = XCConfigurationList;
			buildConfigurations = (
				1FA234761D22274400183A73 /* Debug */,
				1FA234771D22274400183A73 /* Release */,
			);
			defaultConfigurationIsVisible = 0;
			defaultConfigurationName = Release;
		};
		1FA234781D22274400183A73 /* Build configuration list for PBXNativeTarget "AgentXX" */ = {
			isa = XCConfigurationList;
			buildConfigurations = (
				1FA234791D22274400183A73 /* Debug */,
				1FA2347A1D22274400183A73 /* Release */,
			);
			defaultConfigurationIsVisible = 0;
			defaultConfigurationName = Release;
		};
		1FA2347B1D22274400183A73 /* Build configuration list for PBXNativeTarget "AgentXXTests" */ = {
			isa = XCConfigurationList;
			buildConfigurations = (
				1FA2347C1D22274400183A73 /* Debug */,
				1FA2347D1D22274400183A73 /* Release */,
			);
			defaultConfigurationIsVisible = 0;
			defaultConfigurationName = Release;
		};
		1FA2347E1D22274400183A73 /* Build configuration list for PBXNativeTarget "AgentXXUITests" */ = {
			isa = XCConfigurationList;
			buildConfigurations = (
				1FA2347F1D22274400183A73 /* Debug */,
				1FA234801D22274400183A73 /* Release */,
			);
			defaultConfigurationIsVisible = 0;
			defaultConfigurationName = Release;
		};
/* End XCConfigurationList section */

/* Begin XCVersionGroup section */
		1FA234571D22274400183A73 /* game.xcdatamodeld */ = {
			isa = XCVersionGroup;
			children = (
				1FA234581D22274400183A73 /* game.xcdatamodel */,
			);
			currentVersion = 1FA234581D22274400183A73 /* game.xcdatamodel */;
			path = game.xcdatamodeld;
			sourceTree = "<group>";
			versionGroupType = wrapper.xcdatamodel;
		};
/* End XCVersionGroup section */
	};
	rootObject = 1FA234451D22274400183A73 /* Project object */;
}
